{
  "lockfileVersion": 1,
  "configVersion": 1,
  "workspaces": {
    "": {
      "name": "shannon-hello-world",
      "dependencies": {
        "@dexh/shannon": "link:../..",
      },
    },
  },
  "packages": {
    "@dexh/shannon": ["@dexh/shannon@link:../..", { "bin": { "shannon": "bin/shannon.mjs" } }],
  }
}
